
Microsoft Visual Studio Solution File, Format Version 12.00
# Visual Studio Version 16
VisualStudioVersion = 16.0.29411.108
MinimumVisualStudioVersion = 10.0.40219.1
Project("{2150E333-8FDC-42A3-9474-1A3956D46DE8}") = "1.Presentation", "1.Presentation", "{42AE6EDF-BBB8-47A9-A1FE-9242817AF234}"
EndProject
Project("{2150E333-8FDC-42A3-9474-1A3956D46DE8}") = "Mvc", "Mvc", "{D7AD697F-5B3F-4571-BABA-B94222449A98}"
EndProject
Project("{2150E333-8FDC-42A3-9474-1A3956D46DE8}") = "App", "App", "{5410ED38-F956-4E9E-ACEF-9655E77E6EB6}"
EndProject
Project("{2150E333-8FDC-42A3-9474-1A3956D46DE8}") = "Site", "Site", "{85351B82-08E8-4D75-B5BF-A2D3738F7592}"
EndProject
Project("{2150E333-8FDC-42A3-9474-1A3956D46DE8}") = "2.Services", "2.Services", "{6D5BEBC0-2F67-4087-81A2-91BAD3640657}"
EndProject
Project("{2150E333-8FDC-42A3-9474-1A3956D46DE8}") = "Api", "Api", "{76575893-276C-4295-A73E-805E9F1C0245}"
EndProject
Project("{2150E333-8FDC-42A3-9474-1A3956D46DE8}") = "3.Application", "3.Application", "{9A892232-0CD4-4689-A080-6C12AE1571E4}"
EndProject
Project("{2150E333-8FDC-42A3-9474-1A3956D46DE8}") = "4.Domain", "4.Domain", "{51398789-7266-4D65-B4CE-D1A47766296F}"
EndProject
Project("{2150E333-8FDC-42A3-9474-1A3956D46DE8}") = "5.Infra", "5.Infra", "{15F126D5-00AE-4C74-9F76-E12800579D59}"
EndProject
Project("{2150E333-8FDC-42A3-9474-1A3956D46DE8}") = "5.1-Data", "5.1-Data", "{0539B1C3-2F81-4D4B-ABC2-E6E6BC0F404B}"
EndProject
Project("{2150E333-8FDC-42A3-9474-1A3956D46DE8}") = "5.2-Repositoy", "5.2-Repositoy", "{19B6B3AB-459C-4902-8E69-DDB3EF8BB0E6}"
EndProject
Project("{2150E333-8FDC-42A3-9474-1A3956D46DE8}") = "5.3-CrossCutting", "5.3-CrossCutting", "{F1A8AAC3-CF95-4BEE-90B8-BCA6005FCBCC}"
EndProject
Project("{9A19103F-16F7-4668-BE54-9A1E7A4F7556}") = "IdeiasApp.Mvc", "src\IdeiasApp.Mvc\IdeiasApp.Mvc.csproj", "{97BF9D0D-AEC7-4ABC-A0D8-A4CB8506DF57}"
EndProject
Project("{9A19103F-16F7-4668-BE54-9A1E7A4F7556}") = "Cooperchip.IdeiasApp.Data", "src\Cooperchip.IdeiasApp.Data\Cooperchip.IdeiasApp.Data.csproj", "{8108E321-8D4B-49C4-8E64-7C9775E9EBB0}"
EndProject
Project("{FAE04EC0-301F-11D3-BF4B-00C04F79EFBC}") = "Cooperchip.IdeiasApp.Domain", "src\Cooperchip.IdeiasApp.Domain\Cooperchip.IdeiasApp.Domain.csproj", "{5A7BD71D-6C78-4FBB-961F-51E90CA55267}"
EndProject
Global
	GlobalSection(SolutionConfigurationPlatforms) = preSolution
		Debug|Any CPU = Debug|Any CPU
		Release|Any CPU = Release|Any CPU
	EndGlobalSection
	GlobalSection(ProjectConfigurationPlatforms) = postSolution
		{97BF9D0D-AEC7-4ABC-A0D8-A4CB8506DF57}.Debug|Any CPU.ActiveCfg = Debug|Any CPU
		{97BF9D0D-AEC7-4ABC-A0D8-A4CB8506DF57}.Debug|Any CPU.Build.0 = Debug|Any CPU
		{97BF9D0D-AEC7-4ABC-A0D8-A4CB8506DF57}.Release|Any CPU.ActiveCfg = Release|Any CPU
		{97BF9D0D-AEC7-4ABC-A0D8-A4CB8506DF57}.Release|Any CPU.Build.0 = Release|Any CPU
		{8108E321-8D4B-49C4-8E64-7C9775E9EBB0}.Debug|Any CPU.ActiveCfg = Debug|Any CPU
		{8108E321-8D4B-49C4-8E64-7C9775E9EBB0}.Debug|Any CPU.Build.0 = Debug|Any CPU
		{8108E321-8D4B-49C4-8E64-7C9775E9EBB0}.Release|Any CPU.ActiveCfg = Release|Any CPU
		{8108E321-8D4B-49C4-8E64-7C9775E9EBB0}.Release|Any CPU.Build.0 = Release|Any CPU
		{5A7BD71D-6C78-4FBB-961F-51E90CA55267}.Debug|Any CPU.ActiveCfg = Debug|Any CPU
		{5A7BD71D-6C78-4FBB-961F-51E90CA55267}.Debug|Any CPU.Build.0 = Debug|Any CPU
		{5A7BD71D-6C78-4FBB-961F-51E90CA55267}.Release|Any CPU.ActiveCfg = Release|Any CPU
		{5A7BD71D-6C78-4FBB-961F-51E90CA55267}.Release|Any CPU.Build.0 = Release|Any CPU
	EndGlobalSection
	GlobalSection(SolutionProperties) = preSolution
		HideSolutionNode = FALSE
	EndGlobalSection
	GlobalSection(NestedProjects) = preSolution
		{D7AD697F-5B3F-4571-BABA-B94222449A98} = {42AE6EDF-BBB8-47A9-A1FE-9242817AF234}
		{5410ED38-F956-4E9E-ACEF-9655E77E6EB6} = {42AE6EDF-BBB8-47A9-A1FE-9242817AF234}
		{85351B82-08E8-4D75-B5BF-A2D3738F7592} = {42AE6EDF-BBB8-47A9-A1FE-9242817AF234}
		{76575893-276C-4295-A73E-805E9F1C0245} = {6D5BEBC0-2F67-4087-81A2-91BAD3640657}
		{0539B1C3-2F81-4D4B-ABC2-E6E6BC0F404B} = {15F126D5-00AE-4C74-9F76-E12800579D59}
		{19B6B3AB-459C-4902-8E69-DDB3EF8BB0E6} = {15F126D5-00AE-4C74-9F76-E12800579D59}
		{F1A8AAC3-CF95-4BEE-90B8-BCA6005FCBCC} = {15F126D5-00AE-4C74-9F76-E12800579D59}
		{97BF9D0D-AEC7-4ABC-A0D8-A4CB8506DF57} = {D7AD697F-5B3F-4571-BABA-B94222449A98}
		{8108E321-8D4B-49C4-8E64-7C9775E9EBB0} = {0539B1C3-2F81-4D4B-ABC2-E6E6BC0F404B}
		{5A7BD71D-6C78-4FBB-961F-51E90CA55267} = {51398789-7266-4D65-B4CE-D1A47766296F}
	EndGlobalSection
	GlobalSection(ExtensibilityGlobals) = postSolution
		SolutionGuid = {A878EE3E-E301-4B03-94FD-842313AD9853}
	EndGlobalSection
EndGlobal
